// !$*UTF8*$!
{
	archiveVersion = 1;
	classes = {
	};
	objectVersion = 77;
	objects = {

/* Begin PBXBuildFile section */
		61074CC82F51699C006FBB25 /* README.md in Resources */ = {isa = PBXBuildFile; fileRef = 61074CC72F51699C006FBB25 /* README.md */; };
/* End PBXBuildFile section */

/* Begin PBXContainerItemProxy section */
		61074C942F5168B9006FBB25 /* PBXContainerItemProxy */ = {
			isa = PBXContainerItemProxy;
			containerPortal = 61074C7E2F5168B8006FBB25 /* Project object */;
			proxyType = 1;
			remoteGlobalIDString = 61074C852F5168B8006FBB25;
			remoteInfo = FeedMVPApp;
		};
		61074C9E2F5168B9006FBB25 /* PBXContainerItemProxy */ = {
			isa = PBXContainerItemProxy;
			containerPortal = 61074C7E2F5168B8006FBB25 /* Project object */;
			proxyType = 1;
			remoteGlobalIDString = 61074C852F5168B8006FBB25;
			remoteInfo = FeedMVPApp;
		};
/* End PBXContainerItemProxy section */

/* Begin PBXFileReference section */
		61074C862F5168B8006FBB25 /* FeedMVPApp.app */ = {isa = PBXFileReference; explicitFileType = wrapper.application; includeInIndex = 0; path = FeedMVPApp.app; sourceTree = BUILT_PRODUCTS_DIR; };
		61074C932F5168B9006FBB25 /* FeedMVPAppTests.xctest */ = {isa = PBXFileReference; explicitFileType = wrapper.cfbundle; includeInIndex = 0; path = FeedMVPAppTests.xctest; sourceTree = BUILT_PRODUCTS_DIR; };
		61074C9D2F5168B9006FBB25 /* FeedMVPAppUITests.xctest */ = {isa = PBXFileReference; explicitFileType = wrapper.cfbundle; includeInIndex = 0; path = FeedMVPAppUITests.xctest; sourceTree = BUILT_PRODUCTS_DIR; };
		61074CC72F51699C006FBB25 /* README.md */ = {isa = PBXFileReference; lastKnownFileType = net.daringfireball.markdown; path = README.md; sourceTree = "<group>"; };
/* End PBXFileReference section */

/* Begin PBXFileSystemSynchronizedRootGroup section */
		61074C882F5168B8006FBB25 /* FeedMVPApp */ = {
			isa = PBXFileSystemSynchronizedRootGroup;
			path = FeedMVPApp;
			sourceTree = "<group>";
		};
		61074C962F5168B9006FBB25 /* FeedMVPAppTests */ = {
			isa = PBXFileSystemSynchronizedRootGroup;
			path = FeedMVPAppTests;
			sourceTree = "<group>";
		};
		61074CA02F5168B9006FBB25 /* FeedMVPAppUITests */ = {
			isa = PBXFileSystemSynchronizedRootGroup;
			path = FeedMVPAppUITests;
			sourceTree = "<group>";
		};
/* End PBXFileSystemSynchronizedRootGroup section */

/* Begin PBXFrameworksBuildPhase section */
		61074C832F5168B8006FBB25 /* Frameworks */ = {
			isa = PBXFrameworksBuildPhase;
			buildActionMask = 2147483647;
			files = (
			);
			runOnlyForDeploymentPostprocessing = 0;
		};
		61074C902F5168B9006FBB25 /* Frameworks */ = {
			isa = PBXFrameworksBuildPhase;
			buildActionMask = 2147483647;
			files = (
			);
			runOnlyForDeploymentPostprocessing = 0;
		};
		61074C9A2F5168B9006FBB25 /* Frameworks */ = {
			isa = PBXFrameworksBuildPhase;
			buildActionMask = 2147483647;
			files = (
			);
			runOnlyForDeploymentPostprocessing = 0;
		};
/* End PBXFrameworksBuildPhase section */

/* Begin PBXGroup section */
		61074C7D2F5168B8006FBB25 = {
			isa = PBXGroup;
			children = (
				61074C882F5168B8006FBB25 /* FeedMVPApp */,
				61074C962F5168B9006FBB25 /* FeedMVPAppTests */,
				61074CA02F5168B9006FBB25 /* FeedMVPAppUITests */,
				61074C872F5168B8006FBB25 /* Products */,
				61074CC72F51699C006FBB25 /* README.md */,
			);
			sourceTree = "<group>";
		};
		61074C872F5168B8006FBB25 /* Products */ = {
			isa = PBXGroup;
			children = (
				61074C862F5168B8006FBB25 /* FeedMVPApp.app */,
				61074C932F5168B9006FBB25 /* FeedMVPAppTests.xctest */,
				61074C9D2F5168B9006FBB25 /* FeedMVPAppUITests.xctest */,
			);
			name = Products;
			sourceTree = "<group>";
		};
/* End PBXGroup section */

/* Begin PBXNativeTarget section */
		61074C852F5168B8006FBB25 /* FeedMVPApp */ = {
			isa = PBXNativeTarget;
			buildConfigurationList = 61074CA72F5168B9006FBB25 /* Build configuration list for PBXNativeTarget "FeedMVPApp" */;
			buildPhases = (
				61074C822F5168B8006FBB25 /* Sources */,
				61074C832F5168B8006FBB25 /* Frameworks */,
				61074C842F5168B8006FBB25 /* Resources */,
			);
			buildRules = (
			);
			dependencies = (
			);
			fileSystemSynchronizedGroups = (
				61074C882F5168B8006FBB25 /* FeedMVPApp */,
			);
			name = FeedMVPApp;
			packageProductDependencies = (
			);
			productName = FeedMVPApp;
			productReference = 61074C862F5168B8006FBB25 /* FeedMVPApp.app */;
			productType = "com.apple.product-type.application";
		};
		61074C922F5168B9006FBB25 /* FeedMVPAppTests */ = {
			isa = PBXNativeTarget;
			buildConfigurationList = 61074CAA2F5168B9006FBB25 /* Build configuration list for PBXNativeTarget "FeedMVPAppTests" */;
			buildPhases = (
				61074C8F2F5168B9006FBB25 /* Sources */,
				61074C902F5168B9006FBB25 /* Frameworks */,
				61074C912F5168B9006FBB25 /* Resources */,
			);
			buildRules = (
			);
			dependencies = (
				61074C952F5168B9006FBB25 /* PBXTargetDependency */,
			);
			fileSystemSynchronizedGroups = (
				61074C962F5168B9006FBB25 /* FeedMVPAppTests */,
			);
			name = FeedMVPAppTests;
			packageProductDependencies = (
			);
			productName = FeedMVPAppTests;
			productReference = 61074C932F5168B9006FBB25 /* FeedMVPAppTests.xctest */;
			productType = "com.apple.product-type.bundle.unit-test";
		};
		61074C9C2F5168B9006FBB25 /* FeedMVPAppUITests */ = {
			isa = PBXNativeTarget;
			buildConfigurationList = 61074CAD2F5168B9006FBB25 /* Build configuration list for PBXNativeTarget "FeedMVPAppUITests" */;
			buildPhases = (
				61074C992F5168B9006FBB25 /* Sources */,
				61074C9A2F5168B9006FBB25 /* Frameworks */,
				61074C9B2F5168B9006FBB25 /* Resources */,
			);
			buildRules = (
			);
			dependencies = (
				61074C9F2F5168B9006FBB25 /* PBXTargetDependency */,
			);
			fileSystemSynchronizedGroups = (
				61074CA02F5168B9006FBB25 /* FeedMVPAppUITests */,
			);
			name = FeedMVPAppUITests;
			packageProductDependencies = (
			);
			productName = FeedMVPAppUITests;
			productReference = 61074C9D2F5168B9006FBB25 /* FeedMVPAppUITests.xctest */;
			productType = "com.apple.product-type.bundle.ui-testing";
		};
/* End PBXNativeTarget section */

/* Begin PBXProject section */
		61074C7E2F5168B8006FBB25 /* Project object */ = {
			isa = PBXProject;
			attributes = {
				BuildIndependentTargetsInParallel = 1;
				LastSwiftUpdateCheck = 2620;
				LastUpgradeCheck = 2620;
				TargetAttributes = {
					61074C852F5168B8006FBB25 = {
						CreatedOnToolsVersion = 26.2;
					};
					61074C922F5168B9006FBB25 = {
						CreatedOnToolsVersion = 26.2;
						TestTargetID = 61074C852F5168B8006FBB25;
					};
					61074C9C2F5168B9006FBB25 = {
						CreatedOnToolsVersion = 26.2;
						TestTargetID = 61074C852F5168B8006FBB25;
					};
				};
			};
			buildConfigurationList = 61074C812F5168B8006FBB25 /* Build configuration list for PBXProject "FeedMVPApp" */;
			developmentRegion = en;
			hasScannedForEncodings = 0;
			knownRegions = (
				en,
				Base,
			);
			mainGroup = 61074C7D2F5168B8006FBB25;
			minimizedProjectReferenceProxies = 1;
			preferredProjectObjectVersion = 77;
			productRefGroup = 61074C872F5168B8006FBB25 /* Products */;
			projectDirPath = "";
			projectRoot = "";
			targets = (
				61074C852F5168B8006FBB25 /* FeedMVPApp */,
				61074C922F5168B9006FBB25 /* FeedMVPAppTests */,
				61074C9C2F5168B9006FBB25 /* FeedMVPAppUITests */,
			);
		};
/* End PBXProject section */

/* Begin PBXResourcesBuildPhase section */
		61074C842F5168B8006FBB25 /* Resources */ = {
			isa = PBXResourcesBuildPhase;
			buildActionMask = 2147483647;
			files = (
				61074CC82F51699C006FBB25 /* README.md in Resources */,
			);
			runOnlyForDeploymentPostprocessing = 0;
		};
		61074C912F5168B9006FBB25 /* Resources */ = {
			isa = PBXResourcesBuildPhase;
			buildActionMask = 2147483647;
			files = (
			);
			runOnlyForDeploymentPostprocessing = 0;
		};
		61074C9B2F5168B9006FBB25 /* Resources */ = {
			isa = PBXResourcesBuildPhase;
			buildActionMask = 2147483647;
			files = (
			);
			runOnlyForDeploymentPostprocessing = 0;
		};
/* End PBXResourcesBuildPhase section */

/* Begin PBXSourcesBuildPhase section */
		61074C822F5168B8006FBB25 /* Sources */ = {
			isa = PBXSourcesBuildPhase;
			buildActionMask = 2147483647;
			files = (
			);
			runOnlyForDeploymentPostprocessing = 0;
		};
		61074C8F2F5168B9006FBB25 /* Sources */ = {
			isa = PBXSourcesBuildPhase;
			buildActionMask = 2147483647;
			files = (
			);
			runOnlyForDeploymentPostprocessing = 0;
		};
		61074C992F5168B9006FBB25 /* Sources */ = {
			isa = PBXSourcesBuildPhase;
			buildActionMask = 2147483647;
			files = (
			);
			runOnlyForDeploymentPostprocessing = 0;
		};
/* End PBXSourcesBuildPhase section */

/* Begin PBXTargetDependency section */
		61074C952F5168B9006FBB25 /* PBXTargetDependency */ = {
			isa = PBXTargetDependency;
			target = 61074C852F5168B8006FBB25 /* FeedMVPApp */;
			targetProxy = 61074C942F5168B9006FBB25 /* PBXContainerItemProxy */;
		};
		61074C9F2F5168B9006FBB25 /* PBXTargetDependency */ = {
			isa = PBXTargetDependency;
			target = 61074C852F5168B8006FBB25 /* FeedMVPApp */;
			targetProxy = 61074C9E2F5168B9006FBB25 /* PBXContainerItemProxy */;
		};
/* End PBXTargetDependency section */

/* Begin XCBuildConfiguration section */
		61074CA52F5168B9006FBB25 /* Debug */ = {
			isa = XCBuildConfiguration;
			buildSettings = {
				ALWAYS_SEARCH_USER_PATHS = NO;
				ASSETCATALOG_COMPILER_GENERATE_SWIFT_ASSET_SYMBOL_EXTENSIONS = YES;
				CLANG_ANALYZER_NONNULL = YES;
				CLANG_ANALYZER_NUMBER_OBJECT_CONVERSION = YES_AGGRESSIVE;
				CLANG_CXX_LANGUAGE_STANDARD = "gnu++20";
				CLANG_ENABLE_MODULES = YES;
				CLANG_ENABLE_OBJC_ARC = YES;
				CLANG_ENABLE_OBJC_WEAK = YES;
				CLANG_WARN_BLOCK_CAPTURE_AUTORELEASING = YES;
				CLANG_WARN_BOOL_CONVERSION = YES;
				CLANG_WARN_COMMA = YES;
				CLANG_WARN_CONSTANT_CONVERSION = YES;
				CLANG_WARN_DEPRECATED_OBJC_IMPLEMENTATIONS = YES;
				CLANG_WARN_DIRECT_OBJC_ISA_USAGE = YES_ERROR;
				CLANG_WARN_DOCUMENTATION_COMMENTS = YES;
				CLANG_WARN_EMPTY_BODY = YES;
				CLANG_WARN_ENUM_CONVERSION = YES;
				CLANG_WARN_INFINITE_RECURSION = YES;
				CLANG_WARN_INT_CONVERSION = YES;
				CLANG_WARN_NON_LITERAL_NULL_CONVERSION = YES;
				CLANG_WARN_OBJC_IMPLICIT_RETAIN_SELF = YES;
				CLANG_WARN_OBJC_LITERAL_CONVERSION = YES;
				CLANG_WARN_OBJC_ROOT_CLASS = YES_ERROR;
				CLANG_WARN_QUOTED_INCLUDE_IN_FRAMEWORK_HEADER = YES;
				CLANG_WARN_RANGE_LOOP_ANALYSIS = YES;
				CLANG_WARN_STRICT_PROTOTYPES = YES;
				CLANG_WARN_SUSPICIOUS_MOVE = YES;
				CLANG_WARN_UNGUARDED_AVAILABILITY = YES_AGGRESSIVE;
				CLANG_WARN_UNREACHABLE_CODE = YES;
				CLANG_WARN__DUPLICATE_METHOD_MATCH = YES;
				COPY_PHASE_STRIP = NO;
				DEBUG_INFORMATION_FORMAT = dwarf;
				DEVELOPMENT_TEAM = 4TTDUWKTNV;
				ENABLE_STRICT_OBJC_MSGSEND = YES;
				ENABLE_TESTABILITY = YES;
				ENABLE_USER_SCRIPT_SANDBOXING = YES;
				GCC_C_LANGUAGE_STANDARD = gnu17;
				GCC_DYNAMIC_NO_PIC = NO;
				GCC_NO_COMMON_BLOCKS = YES;
				GCC_OPTIMIZATION_LEVEL = 0;
				GCC_PREPROCESSOR_DEFINITIONS = (
					"DEBUG=1",
					"$(inherited)",
				);
				GCC_WARN_64_TO_32_BIT_CONVERSION = YES;
				GCC_WARN_ABOUT_RETURN_TYPE = YES_ERROR;
				GCC_WARN_UNDECLARED_SELECTOR = YES;
				GCC_WARN_UNINITIALIZED_AUTOS = YES_AGGRESSIVE;
				GCC_WARN_UNUSED_FUNCTION = YES;
				GCC_WARN_UNUSED_VARIABLE = YES;
				IPHONEOS_DEPLOYMENT_TARGET = 26.2;
				LOCALIZATION_PREFERS_STRING_CATALOGS = YES;
				MTL_ENABLE_DEBUG_INFO = INCLUDE_SOURCE;
				MTL_FAST_MATH = YES;
				ONLY_ACTIVE_ARCH = YES;
				SDKROOT = iphoneos;
				SWIFT_ACTIVE_COMPILATION_CONDITIONS = "DEBUG $(inherited)";
				SWIFT_OPTIMIZATION_LEVEL = "-Onone";
			};
			name = Debug;
		};
		61074CA62F5168B9006FBB25 /* Release */ = {
			isa = XCBuildConfiguration;
			buildSettings = {
				ALWAYS_SEARCH_USER_PATHS = NO;
				ASSETCATALOG_COMPILER_GENERATE_SWIFT_ASSET_SYMBOL_EXTENSIONS = YES;
				CLANG_ANALYZER_NONNULL = YES;
				CLANG_ANALYZER_NUMBER_OBJECT_CONVERSION = YES_AGGRESSIVE;
				CLANG_CXX_LANGUAGE_STANDARD = "gnu++20";
				CLANG_ENABLE_MODULES = YES;
				CLANG_ENABLE_OBJC_ARC = YES;
				CLANG_ENABLE_OBJC_WEAK = YES;
				CLANG_WARN_BLOCK_CAPTURE_AUTORELEASING = YES;
				CLANG_WARN_BOOL_CONVERSION = YES;
				CLANG_WARN_COMMA = YES;
				CLANG_WARN_CONSTANT_CONVERSION = YES;
				CLANG_WARN_DEPRECATED_OBJC_IMPLEMENTATIONS = YES;
				CLANG_WARN_DIRECT_OBJC_ISA_USAGE = YES_ERROR;
				CLANG_WARN_DOCUMENTATION_COMMENTS = YES;
				CLANG_WARN_EMPTY_BODY = YES;
				CLANG_WARN_ENUM_CONVERSION = YES;
				CLANG_WARN_INFINITE_RECURSION = YES;
				CLANG_WARN_INT_CONVERSION = YES;
				CLANG_WARN_NON_LITERAL_NULL_CONVERSION = YES;
				CLANG_WARN_OBJC_IMPLICIT_RETAIN_SELF = YES;
				CLANG_WARN_OBJC_LITERAL_CONVERSION = YES;
				CLANG_WARN_OBJC_ROOT_CLASS = YES_ERROR;
				CLANG_WARN_QUOTED_INCLUDE_IN_FRAMEWORK_HEADER = YES;
				CLANG_WARN_RANGE_LOOP_ANALYSIS = YES;
				CLANG_WARN_STRICT_PROTOTYPES = YES;
				CLANG_WARN_SUSPICIOUS_MOVE = YES;
				CLANG_WARN_UNGUARDED_AVAILABILITY = YES_AGGRESSIVE;
				CLANG_WARN_UNREACHABLE_CODE = YES;
				CLANG_WARN__DUPLICATE_METHOD_MATCH = YES;
				COPY_PHASE_STRIP = NO;
				DEBUG_INFORMATION_FORMAT = "dwarf-with-dsym";
				DEVELOPMENT_TEAM = 4TTDUWKTNV;
				ENABLE_NS_ASSERTIONS = NO;
				ENABLE_STRICT_OBJC_MSGSEND = YES;
				ENABLE_USER_SCRIPT_SANDBOXING = YES;
				GCC_C_LANGUAGE_STANDARD = gnu17;
				GCC_NO_COMMON_BLOCKS = YES;
				GCC_WARN_64_TO_32_BIT_CONVERSION = YES;
				GCC_WARN_ABOUT_RETURN_TYPE = YES_ERROR;
				GCC_WARN_UNDECLARED_SELECTOR = YES;
				GCC_WARN_UNINITIALIZED_AUTOS = YES_AGGRESSIVE;
				GCC_WARN_UNUSED_FUNCTION = YES;
				GCC_WARN_UNUSED_VARIABLE = YES;
				IPHONEOS_DEPLOYMENT_TARGET = 26.2;
				LOCALIZATION_PREFERS_STRING_CATALOGS = YES;
				MTL_ENABLE_DEBUG_INFO = NO;
				MTL_FAST_MATH = YES;
				SDKROOT = iphoneos;
				SWIFT_COMPILATION_MODE = wholemodule;
				VALIDATE_PRODUCT = YES;
			};
			name = Release;
		};
		61074CA82F5168B9006FBB25 /* Debug */ = {
			isa = XCBuildConfiguration;
			buildSettings = {
				ASSETCATALOG_COMPILER_APPICON_NAME = AppIcon;
				ASSETCATALOG_COMPILER_GLOBAL_ACCENT_COLOR_NAME = AccentColor;
				CODE_SIGN_STYLE = Automatic;
				CURRENT_PROJECT_VERSION = 1;
				DEVELOPMENT_TEAM = 4TTDUWKTNV;
				ENABLE_PREVIEWS = YES;
				GENERATE_INFOPLIST_FILE = YES;
				INFOPLIST_KEY_UIApplicationSceneManifest_Generation = YES;
				INFOPLIST_KEY_UIApplicationSupportsIndirectInputEvents = YES;
				INFOPLIST_KEY_UILaunchScreen_Generation = YES;
				INFOPLIST_KEY_UISupportedInterfaceOrientations_iPad = "UIInterfaceOrientationPortrait UIInterfaceOrientationPortraitUpsideDown UIInterfaceOrientationLandscapeLeft UIInterfaceOrientationLandscapeRight";
				INFOPLIST_KEY_UISupportedInterfaceOrientations_iPhone = "UIInterfaceOrientationPortrait UIInterfaceOrientationLandscapeLeft UIInterfaceOrientationLandscapeRight";
				LD_RUNPATH_SEARCH_PATHS = (
					"$(inherited)",
					"@executable_path/Frameworks",
				);
				MARKETING_VERSION = 1.0;
				PRODUCT_BUNDLE_IDENTIFIER = com.rajeshmani.FeedMVPApp;
				PRODUCT_NAME = "$(TARGET_NAME)";
				STRING_CATALOG_GENERATE_SYMBOLS = YES;
				SWIFT_APPROACHABLE_CONCURRENCY = YES;
				SWIFT_DEFAULT_ACTOR_ISOLATION = MainActor;
				SWIFT_EMIT_LOC_STRINGS = YES;
				SWIFT_UPCOMING_FEATURE_MEMBER_IMPORT_VISIBILITY = YES;
				SWIFT_VERSION = 5.0;
				TARGETED_DEVICE_FAMILY = "1,2";
			};
			name = Debug;
		};
		61074CA92F5168B9006FBB25 /* Release */ = {
			isa = XCBuildConfiguration;
			buildSettings = {
				ASSETCATALOG_COMPILER_APPICON_NAME = AppIcon;
				ASSETCATALOG_COMPILER_GLOBAL_ACCENT_COLOR_NAME = AccentColor;
				CODE_SIGN_STYLE = Automatic;
				CURRENT_PROJECT_VERSION = 1;
				DEVELOPMENT_TEAM = 4TTDUWKTNV;
				ENABLE_PREVIEWS = YES;
				GENERATE_INFOPLIST_FILE = YES;
				INFOPLIST_KEY_UIApplicationSceneManifest_Generation = YES;
				INFOPLIST_KEY_UIApplicationSupportsIndirectInputEvents = YES;
				INFOPLIST_KEY_UILaunchScreen_Generation = YES;
				INFOPLIST_KEY_UISupportedInterfaceOrientations_iPad = "UIInterfaceOrientationPortrait UIInterfaceOrientationPortraitUpsideDown UIInterfaceOrientationLandscapeLeft UIInterfaceOrientationLandscapeRight";
				INFOPLIST_KEY_UISupportedInterfaceOrientations_iPhone = "UIInterfaceOrientationPortrait UIInterfaceOrientationLandscapeLeft UIInterfaceOrientationLandscapeRight";
				LD_RUNPATH_SEARCH_PATHS = (
					"$(inherited)",
					"@executable_path/Frameworks",
				);
				MARKETING_VERSION = 1.0;
				PRODUCT_BUNDLE_IDENTIFIER = com.rajeshmani.FeedMVPApp;
				PRODUCT_NAME = "$(TARGET_NAME)";
				STRING_CATALOG_GENERATE_SYMBOLS = YES;
				SWIFT_APPROACHABLE_CONCURRENCY = YES;
				SWIFT_DEFAULT_ACTOR_ISOLATION = MainActor;
				SWIFT_EMIT_LOC_STRINGS = YES;
				SWIFT_UPCOMING_FEATURE_MEMBER_IMPORT_VISIBILITY = YES;
				SWIFT_VERSION = 5.0;
				TARGETED_DEVICE_FAMILY = "1,2";
			};
			name = Release;
		};
		61074CAB2F5168B9006FBB25 /* Debug */ = {
			isa = XCBuildConfiguration;
			buildSettings = {
				BUNDLE_LOADER = "$(TEST_HOST)";
				CODE_SIGN_STYLE = Automatic;
				CURRENT_PROJECT_VERSION = 1;
				DEVELOPMENT_TEAM = 4TTDUWKTNV;
				GENERATE_INFOPLIST_FILE = YES;
				IPHONEOS_DEPLOYMENT_TARGET = 26.2;
				MARKETING_VERSION = 1.0;
				PRODUCT_BUNDLE_IDENTIFIER = com.rajeshmani.FeedMVPAppTests;
				PRODUCT_NAME = "$(TARGET_NAME)";
				STRING_CATALOG_GENERATE_SYMBOLS = NO;
				SWIFT_APPROACHABLE_CONCURRENCY = YES;
				SWIFT_EMIT_LOC_STRINGS = NO;
				SWIFT_UPCOMING_FEATURE_MEMBER_IMPORT_VISIBILITY = YES;
				SWIFT_VERSION = 5.0;
				TARGETED_DEVICE_FAMILY = "1,2";
				TEST_HOST = "$(BUILT_PRODUCTS_DIR)/FeedMVPApp.app/$(BUNDLE_EXECUTABLE_FOLDER_PATH)/FeedMVPApp";
			};
			name = Debug;
		};
		61074CAC2F5168B9006FBB25 /* Release */ = {
			isa = XCBuildConfiguration;
			buildSettings = {
				BUNDLE_LOADER = "$(TEST_HOST)";
				CODE_SIGN_STYLE = Automatic;
				CURRENT_PROJECT_VERSION = 1;
				DEVELOPMENT_TEAM = 4TTDUWKTNV;
				GENERATE_INFOPLIST_FILE = YES;
				IPHONEOS_DEPLOYMENT_TARGET = 26.2;
				MARKETING_VERSION = 1.0;
				PRODUCT_BUNDLE_IDENTIFIER = com.rajeshmani.FeedMVPAppTests;
				PRODUCT_NAME = "$(TARGET_NAME)";
				STRING_CATALOG_GENERATE_SYMBOLS = NO;
				SWIFT_APPROACHABLE_CONCURRENCY = YES;
				SWIFT_EMIT_LOC_STRINGS = NO;
				SWIFT_UPCOMING_FEATURE_MEMBER_IMPORT_VISIBILITY = YES;
				SWIFT_VERSION = 5.0;
				TARGETED_DEVICE_FAMILY = "1,2";
				TEST_HOST = "$(BUILT_PRODUCTS_DIR)/FeedMVPApp.app/$(BUNDLE_EXECUTABLE_FOLDER_PATH)/FeedMVPApp";
			};
			name = Release;
		};
		61074CAE2F5168B9006FBB25 /* Debug */ = {
			isa = XCBuildConfiguration;
			buildSettings = {
				CODE_SIGN_STYLE = Automatic;
				CURRENT_PROJECT_VERSION = 1;
				DEVELOPMENT_TEAM = 4TTDUWKTNV;
				GENERATE_INFOPLIST_FILE = YES;
				MARKETING_VERSION = 1.0;
				PRODUCT_BUNDLE_IDENTIFIER = com.rajeshmani.FeedMVPAppUITests;
				PRODUCT_NAME = "$(TARGET_NAME)";
				STRING_CATALOG_GENERATE_SYMBOLS = NO;
				SWIFT_APPROACHABLE_CONCURRENCY = YES;
				SWIFT_EMIT_LOC_STRINGS = NO;
				SWIFT_UPCOMING_FEATURE_MEMBER_IMPORT_VISIBILITY = YES;
				SWIFT_VERSION = 5.0;
				TARGETED_DEVICE_FAMILY = "1,2";
				TEST_TARGET_NAME = FeedMVPApp;
			};
			name = Debug;
		};
		61074CAF2F5168B9006FBB25 /* Release */ = {
			isa = XCBuildConfiguration;
			buildSettings = {
				CODE_SIGN_STYLE = Automatic;
				CURRENT_PROJECT_VERSION = 1;
				DEVELOPMENT_TEAM = 4TTDUWKTNV;
				GENERATE_INFOPLIST_FILE = YES;
				MARKETING_VERSION = 1.0;
				PRODUCT_BUNDLE_IDENTIFIER = com.rajeshmani.FeedMVPAppUITests;
				PRODUCT_NAME = "$(TARGET_NAME)";
				STRING_CATALOG_GENERATE_SYMBOLS = NO;
				SWIFT_APPROACHABLE_CONCURRENCY = YES;
				SWIFT_EMIT_LOC_STRINGS = NO;
				SWIFT_UPCOMING_FEATURE_MEMBER_IMPORT_VISIBILITY = YES;
				SWIFT_VERSION = 5.0;
				TARGETED_DEVICE_FAMILY = "1,2";
				TEST_TARGET_NAME = FeedMVPApp;
			};
			name = Release;
		};
/* End XCBuildConfiguration section */

/* Begin XCConfigurationList section */
		61074C812F5168B8006FBB25 /* Build configuration list for PBXProject "FeedMVPApp" */ = {
			isa = XCConfigurationList;
			buildConfigurations = (
				61074CA52F5168B9006FBB25 /* Debug */,
				61074CA62F5168B9006FBB25 /* Release */,
			);
			defaultConfigurationIsVisible = 0;
			defaultConfigurationName = Release;
		};
		61074CA72F5168B9006FBB25 /* Build configuration list for PBXNativeTarget "FeedMVPApp" */ = {
			isa = XCConfigurationList;
			buildConfigurations = (
				61074CA82F5168B9006FBB25 /* Debug */,
				61074CA92F5168B9006FBB25 /* Release */,
			);
			defaultConfigurationIsVisible = 0;
			defaultConfigurationName = Release;
		};
		61074CAA2F5168B9006FBB25 /* Build configuration list for PBXNativeTarget "FeedMVPAppTests" */ = {
			isa = XCConfigurationList;
			buildConfigurations = (
				61074CAB2F5168B9006FBB25 /* Debug */,
				61074CAC2F5168B9006FBB25 /* Release */,
			);
			defaultConfigurationIsVisible = 0;
			defaultConfigurationName = Release;
		};
		61074CAD2F5168B9006FBB25 /* Build configuration list for PBXNativeTarget "FeedMVPAppUITests" */ = {
			isa = XCConfigurationList;
			buildConfigurations = (
				61074CAE2F5168B9006FBB25 /* Debug */,
				61074CAF2F5168B9006FBB25 /* Release */,
			);
			defaultConfigurationIsVisible = 0;
			defaultConfigurationName = Release;
		};
/* End XCConfigurationList section */
	};
	rootObject = 61074C7E2F5168B8006FBB25 /* Project object */;
}
